{
    "_readme": [
        "This file locks the dependencies of your project to a known state",
        "Read more about it at https://getcomposer.org/doc/01-basic-usage.md#installing-dependencies",
        "This file is @generated automatically"
    ],
    "content-hash": "8c660eb53fa25004dfc624b670849a90",
    "packages": [
        {
            "name": "stefna/person-contracts",
            "version": "2.1.0",
            "dist": {
                "type": "zip",
                "url": "https://api.github.com/repos/stefna/person-contracts/zipball/1f25621aad807338b1b4d56cb121a4a2e420fcd8",
                "reference": "1f25621aad807338b1b4d56cb121a4a2e420fcd8",
                "shasum": "",
                "mirrors": [
                    {
                        "url": "https://repo.packagist.com/stefnadev/dists/%package%/%version%/r%reference%.%type%",
                        "preferred": true
                    }
                ]
            },
            "require": {
                "ext-json": "*",
                "php": "^8.2"
            },
            "require-dev": {
                "phpstan/phpstan": "^2.0",
                "phpunit/phpunit": "^11.0",
                "stefna/codestyle": "^1.5"
            },
            "type": "library",
            "autoload": {
                "psr-4": {
                    "Stefna\\PersonContract\\": "src/"
                }
            },
            "notification-url": "https://repo.packagist.com/stefnadev/downloads/",
            "license": [
                "MIT"
            ],
            "authors": [
                {
                    "name": "Andreas Sundqvist",
                    "email": "andreas@stefna.is"
                }
            ],
            "support": {
                "issues": "https://github.com/stefna/person-contracts/issues",
                "source": "https://github.com/stefna/person-contracts/tree/2.1.0"
            },
            "time": "2026-01-14T13:20:57+00:00"
        }
    ],
    "packages-dev": [
        {
            "name": "phpstan/phpstan",
            "version": "2.2.8",
            "dist": {
                "type": "zip",
                "url": "https://api.github.com/repos/phpstan/phpstan/zipball/e285254e60f33c21902efef4a926ca0987c06804",
                "reference": "e285254e60f33c21902efef4a926ca0987c06804",
                "shasum": "",
                "mirrors": [
                    {
                        "url": "https://repo.packagist.com/stefnadev/dists/%package%/%version%/r%reference%.%type%",
                        "preferred": true
                    }
                ]
            },
            "require": {
                "php": "^7.4|^8.0"
            },
            "conflict": {
                "phpstan/phpstan-shim": "*"
            },
            "bin": [
                "phpstan",
                "phpstan.phar"
            ],
            "type": "library",
            "autoload": {
                "files": [
                    "bootstrap.php"
                ]
            },
            "notification-url": "https://repo.packagist.com/stefnadev/downloads/",
            "license": [
                "MIT"
            ],
            "authors": [
                {
                    "name": "Ondřej Mirtes"
                },
                {
                    "name": "Markus Staab"
                },
                {
                    "name": "Vincent Langlet"
                }
            ],
            "description": "PHPStan - PHP Static Analysis Tool",
            "keywords": [
                "dev",
                "static analysis"
            ],
            "support": {
                "docs": "https://phpstan.org/user-guide/getting-started",
                "forum": "https://github.com/phpstan/phpstan/discussions",
                "issues": "https://github.com/phpstan/phpstan/issues",
                "security": "https://github.com/phpstan/phpstan/security/policy",
                "source": "https://github.com/phpstan/phpstan-src"
            },
            "funding": [
                {
                    "url": "https://github.com/ondrejmirtes",
                    "type": "github"
                },
                {
                    "url": "https://github.com/phpstan",
                    "type": "github"
                }
            ],
            "time": "2026-08-04T22:21:45+00:00"
        },
        {
            "name": "squizlabs/php_codesniffer",
            "version": "3.13.6",
            "dist": {
                "type": "zip",
                "url": "https://api.github.com/repos/PHPCSStandards/PHP_CodeSniffer/zipball/4c378e1a528ea066890fc2397cbdd2f94eb2fc91",
                "reference": "4c378e1a528ea066890fc2397cbdd2f94eb2fc91",
                "shasum": "",
                "mirrors": [
                    {
                        "url": "https://repo.packagist.com/stefnadev/dists/%package%/%version%/r%reference%.%type%",
                        "preferred": true
                    }
                ]
            },
            "require": {
                "ext-simplexml": "*",
                "ext-tokenizer": "*",
                "ext-xmlwriter": "*",
                "php": ">=5.4.0"
            },
            "require-dev": {
                "phpunit/phpunit": "^4.0 || ^5.0 || ^6.0 || ^7.0 || ^8.0 || ^9.3.4"
            },
            "bin": [
                "bin/phpcbf",
                "bin/phpcs"
            ],
            "type": "library",
            "notification-url": "https://repo.packagist.com/stefnadev/downloads/",
            "license": [
                "BSD-3-Clause"
            ],
            "authors": [
                {
                    "name": "Greg Sherwood",
                    "role": "Former lead"
                },
                {
                    "name": "Juliette Reinders Folmer",
                    "role": "Current lead"
                },
                {
                    "name": "Contributors",
                    "homepage": "https://github.com/PHPCSStandards/PHP_CodeSniffer/graphs/contributors"
                }
            ],
            "description": "PHP_CodeSniffer tokenizes PHP, JavaScript and CSS files and detects violations of a defined set of coding standards.",
            "homepage": "https://github.com/PHPCSStandards/PHP_CodeSniffer",
            "keywords": [
                "phpcs",
                "standards",
                "static analysis"
            ],
            "support": {
                "issues": "https://github.com/PHPCSStandards/PHP_CodeSniffer/issues",
                "security": "https://github.com/PHPCSStandards/PHP_CodeSniffer/security/policy",
                "source": "https://github.com/PHPCSStandards/PHP_CodeSniffer",
                "wiki": "https://github.com/PHPCSStandards/PHP_CodeSniffer/wiki"
            },
            "funding": [
                {
                    "url": "https://github.com/PHPCSStandards",
                    "type": "github"
                },
                {
                    "url": "https://github.com/jrfnl",
                    "type": "github"
                },
                {
                    "url": "https://opencollective.com/php_codesniffer",
                    "type": "open_collective"
                },
                {
                    "url": "https://thanks.dev/u/gh/phpcsstandards",
                    "type": "thanks_dev"
                }
            ],
            "time": "2026-08-06T00:17:32+00:00"
        },
        {
            "name": "stefna/codestyle",
            "version": "1.19.1",
            "dist": {
                "type": "zip",
                "url": "https://api.github.com/repos/stefna/codestyle/zipball/f9614a71b585b9c3d6abbce8bc4d761263f9bfb4",
                "reference": "f9614a71b585b9c3d6abbce8bc4d761263f9bfb4",
                "shasum": "",
                "mirrors": [
                    {
                        "url": "https://repo.packagist.com/stefnadev/dists/%package%/%version%/r%reference%.%type%",
                        "preferred": true
                    }
                ]
            },
            "require": {
                "php": "^7.1 || ^8.0",
                "squizlabs/php_codesniffer": "^3.8.0"
            },
            "bin": [
                "bin/stefna-hook-install"
            ],
            "type": "library",
            "autoload": {
                "psr-4": {
                    "Stefna\\": "src/Stefna/"
                }
            },
            "notification-url": "https://repo.packagist.com/stefnadev/downloads/",
            "license": [
                "MIT"
            ],
            "authors": [
                {
                    "name": "Andreas",
                    "email": "andreas@stefna.is"
                }
            ],
            "description": "Custom php sniffer for stefna",
            "support": {
                "issues": "https://github.com/stefna/codestyle/issues",
                "source": "https://github.com/stefna/codestyle/tree/1.19.1"
            },
            "time": "2025-08-27T07:41:16+00:00"
        }
    ],
    "aliases": [],
    "minimum-stability": "dev",
    "stability-flags": {},
    "prefer-stable": true,
    "prefer-lowest": false,
    "platform": {
        "php": "^8.0"
    },
    "platform-dev": {},
    "plugin-api-version": "2.9.0"
}
