{
    "_readme": [
        "This file locks the dependencies of your project to a known state",
        "Read more about it at https://getcomposer.org/doc/01-basic-usage.md#installing-dependencies",
        "This file is @generated automatically"
    ],
    "content-hash": "7d0f3efa3cbc7b523f60a5d3abb4958e",
    "packages": [
        {
            "name": "stefna/person-contracts",
            "version": "2.0.0",
            "source": {
                "type": "git",
                "url": "https://github.com/stefna/person-contracts.git",
                "reference": "bb9852db7885b949601b1ca6feee48cce84e3d9a"
            },
            "dist": {
                "type": "zip",
                "url": "https://api.github.com/repos/stefna/person-contracts/zipball/bb9852db7885b949601b1ca6feee48cce84e3d9a",
                "reference": "bb9852db7885b949601b1ca6feee48cce84e3d9a",
                "shasum": "",
                "mirrors": [
                    {
                        "url": "https://repo.packagist.com/stefnadev/dists/%package%/%version%/r%reference%.%type%",
                        "preferred": true
                    }
                ]
            },
            "require": {
                "ext-json": "*",
                "php": "^8.2"
            },
            "require-dev": {
                "phpstan/phpstan": "^1.0",
                "stefna/codestyle": "^1.5"
            },
            "type": "library",
            "autoload": {
                "psr-4": {
                    "Stefna\\PersonContract\\": "src/"
                }
            },
            "notification-url": "https://repo.packagist.com/stefnadev/downloads/",
            "license": [
                "MIT"
            ],
            "authors": [
                {
                    "name": "Andreas Sundqvist",
                    "email": "andreas@stefna.is"
                }
            ],
            "support": {
                "issues": "https://github.com/stefna/person-contracts/issues",
                "source": "https://github.com/stefna/person-contracts/tree/2.0.0"
            },
            "time": "2024-05-20T13:29:27+00:00"
        }
    ],
    "packages-dev": [
        {
            "name": "phpstan/phpstan",
            "version": "1.11.1",
            "source": {
                "type": "git",
                "url": "https://github.com/phpstan/phpstan.git",
                "reference": "e524358f930e41a2b4cca1320e3b04fc26b39e0b"
            },
            "dist": {
                "type": "zip",
                "url": "https://api.github.com/repos/phpstan/phpstan/zipball/e524358f930e41a2b4cca1320e3b04fc26b39e0b",
                "reference": "e524358f930e41a2b4cca1320e3b04fc26b39e0b",
                "shasum": "",
                "mirrors": [
                    {
                        "url": "https://repo.packagist.com/stefnadev/dists/%package%/%version%/r%reference%.%type%",
                        "preferred": true
                    }
                ]
            },
            "require": {
                "php": "^7.2|^8.0"
            },
            "conflict": {
                "phpstan/phpstan-shim": "*"
            },
            "bin": [
                "phpstan",
                "phpstan.phar"
            ],
            "type": "library",
            "autoload": {
                "files": [
                    "bootstrap.php"
                ]
            },
            "notification-url": "https://repo.packagist.com/stefnadev/downloads/",
            "license": [
                "MIT"
            ],
            "description": "PHPStan - PHP Static Analysis Tool",
            "keywords": [
                "dev",
                "static analysis"
            ],
            "support": {
                "docs": "https://phpstan.org/user-guide/getting-started",
                "forum": "https://github.com/phpstan/phpstan/discussions",
                "issues": "https://github.com/phpstan/phpstan/issues",
                "security": "https://github.com/phpstan/phpstan/security/policy",
                "source": "https://github.com/phpstan/phpstan-src"
            },
            "funding": [
                {
                    "url": "https://github.com/ondrejmirtes",
                    "type": "github"
                },
                {
                    "url": "https://github.com/phpstan",
                    "type": "github"
                }
            ],
            "time": "2024-05-15T08:00:59+00:00"
        },
        {
            "name": "squizlabs/php_codesniffer",
            "version": "3.10.0",
            "source": {
                "type": "git",
                "url": "https://github.com/PHPCSStandards/PHP_CodeSniffer.git",
                "reference": "57e09801c2fbae2d257b8b75bebb3deeb7e9deb2"
            },
            "dist": {
                "type": "zip",
                "url": "https://api.github.com/repos/PHPCSStandards/PHP_CodeSniffer/zipball/57e09801c2fbae2d257b8b75bebb3deeb7e9deb2",
                "reference": "57e09801c2fbae2d257b8b75bebb3deeb7e9deb2",
                "shasum": "",
                "mirrors": [
                    {
                        "url": "https://repo.packagist.com/stefnadev/dists/%package%/%version%/r%reference%.%type%",
                        "preferred": true
                    }
                ]
            },
            "require": {
                "ext-simplexml": "*",
                "ext-tokenizer": "*",
                "ext-xmlwriter": "*",
                "php": ">=5.4.0"
            },
            "require-dev": {
                "phpunit/phpunit": "^4.0 || ^5.0 || ^6.0 || ^7.0 || ^8.0 || ^9.3.4"
            },
            "bin": [
                "bin/phpcbf",
                "bin/phpcs"
            ],
            "type": "library",
            "extra": {
                "branch-alias": {
                    "dev-master": "3.x-dev"
                }
            },
            "notification-url": "https://repo.packagist.com/stefnadev/downloads/",
            "license": [
                "BSD-3-Clause"
            ],
            "authors": [
                {
                    "name": "Greg Sherwood",
                    "role": "Former lead"
                },
                {
                    "name": "Juliette Reinders Folmer",
                    "role": "Current lead"
                },
                {
                    "name": "Contributors",
                    "homepage": "https://github.com/PHPCSStandards/PHP_CodeSniffer/graphs/contributors"
                }
            ],
            "description": "PHP_CodeSniffer tokenizes PHP, JavaScript and CSS files and detects violations of a defined set of coding standards.",
            "homepage": "https://github.com/PHPCSStandards/PHP_CodeSniffer",
            "keywords": [
                "phpcs",
                "standards",
                "static analysis"
            ],
            "support": {
                "issues": "https://github.com/PHPCSStandards/PHP_CodeSniffer/issues",
                "security": "https://github.com/PHPCSStandards/PHP_CodeSniffer/security/policy",
                "source": "https://github.com/PHPCSStandards/PHP_CodeSniffer",
                "wiki": "https://github.com/PHPCSStandards/PHP_CodeSniffer/wiki"
            },
            "funding": [
                {
                    "url": "https://github.com/PHPCSStandards",
                    "type": "github"
                },
                {
                    "url": "https://github.com/jrfnl",
                    "type": "github"
                },
                {
                    "url": "https://opencollective.com/php_codesniffer",
                    "type": "open_collective"
                }
            ],
            "time": "2024-05-20T08:11:32+00:00"
        },
        {
            "name": "stefna/codestyle",
            "version": "1.17.0",
            "source": {
                "type": "git",
                "url": "https://github.com/stefna/codestyle.git",
                "reference": "3df1c2244a00fe006cde51b0a1b74e6e6463fd10"
            },
            "dist": {
                "type": "zip",
                "url": "https://api.github.com/repos/stefna/codestyle/zipball/3df1c2244a00fe006cde51b0a1b74e6e6463fd10",
                "reference": "3df1c2244a00fe006cde51b0a1b74e6e6463fd10",
                "shasum": "",
                "mirrors": [
                    {
                        "url": "https://repo.packagist.com/stefnadev/dists/%package%/%version%/r%reference%.%type%",
                        "preferred": true
                    }
                ]
            },
            "require": {
                "php": "^7.1 || ^8.0",
                "squizlabs/php_codesniffer": "^3.8.0"
            },
            "bin": [
                "bin/stefna-hook-install"
            ],
            "type": "library",
            "autoload": {
                "psr-4": {
                    "Stefna\\": "src/Stefna/"
                }
            },
            "notification-url": "https://repo.packagist.com/stefnadev/downloads/",
            "license": [
                "MIT"
            ],
            "authors": [
                {
                    "name": "Andreas",
                    "email": "andreas@stefna.is"
                }
            ],
            "description": "Custom php sniffer for stefna",
            "support": {
                "issues": "https://github.com/stefna/codestyle/issues",
                "source": "https://github.com/stefna/codestyle/tree/1.17.0"
            },
            "time": "2024-04-16T06:42:58+00:00"
        }
    ],
    "aliases": [],
    "minimum-stability": "dev",
    "stability-flags": [],
    "prefer-stable": true,
    "prefer-lowest": false,
    "platform": {
        "php": "^8.0"
    },
    "platform-dev": [],
    "plugin-api-version": "2.3.0"
}
